
Microsoft Visual Studio Solution File, Format Version 12.00
# Visual Studio Version 17
VisualStudioVersion = 17.0.31903.59
MinimumVisualStudioVersion = 10.0.40219.1
Project("{FAE04EC0-301F-11D3-BF4B-00C04F79EFBC}") = "API", "API\API.csproj", "{3DA440DF-2C94-460B-AA85-0213A29B20FE}"
EndProject
Project("{FAE04EC0-301F-11D3-BF4B-00C04F79EFBC}") = "Core", "Core\Core.csproj", "{B1F77939-15BA-473E-85D9-5F5ACED03466}"
EndProject
Project("{FAE04EC0-301F-11D3-BF4B-00C04F79EFBC}") = "Infrastructure", "Infrastructure\Infrastructure.csproj", "{71AED000-9C46-4D79-AF4F-034D0AEAC402}"
EndProject
Global
	GlobalSection(SolutionConfigurationPlatforms) = preSolution
		Debug|Any CPU = Debug|Any CPU
		Release|Any CPU = Release|Any CPU
	EndGlobalSection
	GlobalSection(SolutionProperties) = preSolution
		HideSolutionNode = FALSE
	EndGlobalSection
	GlobalSection(ProjectConfigurationPlatforms) = postSolution
		{3DA440DF-2C94-460B-AA85-0213A29B20FE}.Debug|Any CPU.ActiveCfg = Debug|Any CPU
		{3DA440DF-2C94-460B-AA85-0213A29B20FE}.Debug|Any CPU.Build.0 = Debug|Any CPU
		{3DA440DF-2C94-460B-AA85-0213A29B20FE}.Release|Any CPU.ActiveCfg = Release|Any CPU
		{3DA440DF-2C94-460B-AA85-0213A29B20FE}.Release|Any CPU.Build.0 = Release|Any CPU
		{B1F77939-15BA-473E-85D9-5F5ACED03466}.Debug|Any CPU.ActiveCfg = Debug|Any CPU
		{B1F77939-15BA-473E-85D9-5F5ACED03466}.Debug|Any CPU.Build.0 = Debug|Any CPU
		{B1F77939-15BA-473E-85D9-5F5ACED03466}.Release|Any CPU.ActiveCfg = Release|Any CPU
		{B1F77939-15BA-473E-85D9-5F5ACED03466}.Release|Any CPU.Build.0 = Release|Any CPU
		{71AED000-9C46-4D79-AF4F-034D0AEAC402}.Debug|Any CPU.ActiveCfg = Debug|Any CPU
		{71AED000-9C46-4D79-AF4F-034D0AEAC402}.Debug|Any CPU.Build.0 = Debug|Any CPU
		{71AED000-9C46-4D79-AF4F-034D0AEAC402}.Release|Any CPU.ActiveCfg = Release|Any CPU
		{71AED000-9C46-4D79-AF4F-034D0AEAC402}.Release|Any CPU.Build.0 = Release|Any CPU
	EndGlobalSection
EndGlobal
